
Microsoft Visual Studio Solution File, Format Version 12.00
# Visual Studio Version 17
VisualStudioVersion = 17.7.34031.279
MinimumVisualStudioVersion = 10.0.40219.1
Project("{9A19103F-16F7-4668-BE54-9A1E7A4F7556}") = "WebApiServiceForVacancy", "WebApiServiceForVacancy\WebApiServiceForVacancy.csproj", "{E5558B69-7D9F-4A9F-B3CC-E5FE001BE36A}"
EndProject
Project("{9A19103F-16F7-4668-BE54-9A1E7A4F7556}") = "WebApiServiceForVacancy.Data", "WebApiServiceForVacancy.Data\WebApiServiceForVacancy.Data.csproj", "{ACAB00CC-BAF9-4B83-899D-D0F95AA98806}"
EndProject
Project("{2150E333-8FDC-42A3-9474-1A3956D46DE8}") = "Data", "Data", "{B0EC6B00-E716-478D-9BD4-178EA6EC4610}"
EndProject
Project("{9A19103F-16F7-4668-BE54-9A1E7A4F7556}") = "WebApiServiceForVacancy.Domain", "WebApiServiceForVacancy.Domain\WebApiServiceForVacancy.Domain.csproj", "{7B96BA6F-3071-48FD-9198-7E0017DCA86E}"
EndProject
Project("{9A19103F-16F7-4668-BE54-9A1E7A4F7556}") = "WebApiServiceForVacancy.Core", "WebApiServiceForVacancy.Core\WebApiServiceForVacancy.Core.csproj", "{B39DAAE2-0320-4456-8F83-9ED1F8E99FB6}"
EndProject
Project("{9A19103F-16F7-4668-BE54-9A1E7A4F7556}") = "WebApiServiceForVacancy.CQRS", "WebApiServiceForVacancy.CQRS\WebApiServiceForVacancy.CQRS.csproj", "{561A02CA-8EF4-404E-A7F7-F0A7A309EED8}"
EndProject
Project("{FAE04EC0-301F-11D3-BF4B-00C04F79EFBC}") = "WebApiServiceForVacancy.Test", "WebApiServiceForVacancy.Test\WebApiServiceForVacancy.Test.csproj", "{F2290717-005F-4EA1-99BF-C821144E3544}"
EndProject
Global
	GlobalSection(SolutionConfigurationPlatforms) = preSolution
		Debug|Any CPU = Debug|Any CPU
		Release|Any CPU = Release|Any CPU
	EndGlobalSection
	GlobalSection(ProjectConfigurationPlatforms) = postSolution
		{E5558B69-7D9F-4A9F-B3CC-E5FE001BE36A}.Debug|Any CPU.ActiveCfg = Debug|Any CPU
		{E5558B69-7D9F-4A9F-B3CC-E5FE001BE36A}.Debug|Any CPU.Build.0 = Debug|Any CPU
		{E5558B69-7D9F-4A9F-B3CC-E5FE001BE36A}.Release|Any CPU.ActiveCfg = Release|Any CPU
		{E5558B69-7D9F-4A9F-B3CC-E5FE001BE36A}.Release|Any CPU.Build.0 = Release|Any CPU
		{ACAB00CC-BAF9-4B83-899D-D0F95AA98806}.Debug|Any CPU.ActiveCfg = Debug|Any CPU
		{ACAB00CC-BAF9-4B83-899D-D0F95AA98806}.Debug|Any CPU.Build.0 = Debug|Any CPU
		{ACAB00CC-BAF9-4B83-899D-D0F95AA98806}.Release|Any CPU.ActiveCfg = Release|Any CPU
		{ACAB00CC-BAF9-4B83-899D-D0F95AA98806}.Release|Any CPU.Build.0 = Release|Any CPU
		{7B96BA6F-3071-48FD-9198-7E0017DCA86E}.Debug|Any CPU.ActiveCfg = Debug|Any CPU
		{7B96BA6F-3071-48FD-9198-7E0017DCA86E}.Debug|Any CPU.Build.0 = Debug|Any CPU
		{7B96BA6F-3071-48FD-9198-7E0017DCA86E}.Release|Any CPU.ActiveCfg = Release|Any CPU
		{7B96BA6F-3071-48FD-9198-7E0017DCA86E}.Release|Any CPU.Build.0 = Release|Any CPU
		{B39DAAE2-0320-4456-8F83-9ED1F8E99FB6}.Debug|Any CPU.ActiveCfg = Debug|Any CPU
		{B39DAAE2-0320-4456-8F83-9ED1F8E99FB6}.Debug|Any CPU.Build.0 = Debug|Any CPU
		{B39DAAE2-0320-4456-8F83-9ED1F8E99FB6}.Release|Any CPU.ActiveCfg = Release|Any CPU
		{B39DAAE2-0320-4456-8F83-9ED1F8E99FB6}.Release|Any CPU.Build.0 = Release|Any CPU
		{561A02CA-8EF4-404E-A7F7-F0A7A309EED8}.Debug|Any CPU.ActiveCfg = Debug|Any CPU
		{561A02CA-8EF4-404E-A7F7-F0A7A309EED8}.Debug|Any CPU.Build.0 = Debug|Any CPU
		{561A02CA-8EF4-404E-A7F7-F0A7A309EED8}.Release|Any CPU.ActiveCfg = Release|Any CPU
		{561A02CA-8EF4-404E-A7F7-F0A7A309EED8}.Release|Any CPU.Build.0 = Release|Any CPU
		{F2290717-005F-4EA1-99BF-C821144E3544}.Debug|Any CPU.ActiveCfg = Debug|Any CPU
		{F2290717-005F-4EA1-99BF-C821144E3544}.Debug|Any CPU.Build.0 = Debug|Any CPU
		{F2290717-005F-4EA1-99BF-C821144E3544}.Release|Any CPU.ActiveCfg = Release|Any CPU
		{F2290717-005F-4EA1-99BF-C821144E3544}.Release|Any CPU.Build.0 = Release|Any CPU
	EndGlobalSection
	GlobalSection(SolutionProperties) = preSolution
		HideSolutionNode = FALSE
	EndGlobalSection
	GlobalSection(NestedProjects) = preSolution
		{ACAB00CC-BAF9-4B83-899D-D0F95AA98806} = {B0EC6B00-E716-478D-9BD4-178EA6EC4610}
		{561A02CA-8EF4-404E-A7F7-F0A7A309EED8} = {B0EC6B00-E716-478D-9BD4-178EA6EC4610}
	EndGlobalSection
	GlobalSection(ExtensibilityGlobals) = postSolution
		SolutionGuid = {5B5E5A2C-763F-4F8C-92C0-6DD8F9830FD0}
	EndGlobalSection
EndGlobal
